// !$*UTF8*$!
{
	archiveVersion = 1;
	classes = {
	};
	objectVersion = 50;
	objects = {

/* Begin PBXBuildFile section */
		C08D014120C8482C00C843B1 /* AppDelegate.swift in Sources */ = {isa = PBXBuildFile; fileRef = C08D014020C8482C00C843B1 /* AppDelegate.swift */; };
		C08D014320C8482C00C843B1 /* ViewController.swift in Sources */ = {isa = PBXBuildFile; fileRef = C08D014220C8482C00C843B1 /* ViewController.swift */; };
		C08D014620C8482C00C843B1 /* Main.storyboard in Resources */ = {isa = PBXBuildFile; fileRef = C08D014420C8482C00C843B1 /* Main.storyboard */; };
		C08D014820C8482D00C843B1 /* Assets.xcassets in Resources */ = {isa = PBXBuildFile; fileRef = C08D014720C8482D00C843B1 /* Assets.xcassets */; };
		C08D014B20C8482D00C843B1 /* LaunchScreen.storyboard in Resources */ = {isa = PBXBuildFile; fileRef = C08D014920C8482D00C843B1 /* LaunchScreen.storyboard */; };
		C08D015620C8482D00C843B1 /* mib2Tests.swift in Sources */ = {isa = PBXBuildFile; fileRef = C08D015520C8482D00C843B1 /* mib2Tests.swift */; };
		C08D016120C8482D00C843B1 /* mib2UITests.swift in Sources */ = {isa = PBXBuildFile; fileRef = C08D016020C8482D00C843B1 /* mib2UITests.swift */; };
/* End PBXBuildFile section */

/* Begin PBXContainerItemProxy section */
		C08D015220C8482D00C843B1 /* PBXContainerItemProxy */ = {
			isa = PBXContainerItemProxy;
			containerPortal = C08D013520C8482B00C843B1 /* Project object */;
			proxyType = 1;
			remoteGlobalIDString = C08D013C20C8482B00C843B1;
			remoteInfo = mib2;
		};
		C08D015D20C8482D00C843B1 /* PBXContainerItemProxy */ = {
			isa = PBXContainerItemProxy;
			containerPortal = C08D013520C8482B00C843B1 /* Project object */;
			proxyType = 1;
			remoteGlobalIDString = C08D013C20C8482B00C843B1;
			remoteInfo = mib2;
		};
/* End PBXContainerItemProxy section */

/* Begin PBXFileReference section */
		C08D013D20C8482B00C843B1 /* mib2.app */ = {isa = PBXFileReference; explicitFileType = wrapper.application; includeInIndex = 0; path = mib2.app; sourceTree = BUILT_PRODUCTS_DIR; };
		C08D014020C8482C00C843B1 /* AppDelegate.swift */ = {isa = PBXFileReference; lastKnownFileType = sourcecode.swift; path = AppDelegate.swift; sourceTree = "<group>"; };
		C08D014220C8482C00C843B1 /* ViewController.swift */ = {isa = PBXFileReference; lastKnownFileType = sourcecode.swift; path = ViewController.swift; sourceTree = "<group>"; };
		C08D014520C8482C00C843B1 /* Base */ = {isa = PBXFileReference; lastKnownFileType = file.storyboard; name = Base; path = Base.lproj/Main.storyboard; sourceTree = "<group>"; };
		C08D014720C8482D00C843B1 /* Assets.xcassets */ = {isa = PBXFileReference; lastKnownFileType = folder.assetcatalog; path = Assets.xcassets; sourceTree = "<group>"; };
		C08D014A20C8482D00C843B1 /* Base */ = {isa = PBXFileReference; lastKnownFileType = file.storyboard; name = Base; path = Base.lproj/LaunchScreen.storyboard; sourceTree = "<group>"; };
		C08D014C20C8482D00C843B1 /* Info.plist */ = {isa = PBXFileReference; lastKnownFileType = text.plist.xml; path = Info.plist; sourceTree = "<group>"; };
		C08D015120C8482D00C843B1 /* mib2Tests.xctest */ = {isa = PBXFileReference; explicitFileType = wrapper.cfbundle; includeInIndex = 0; path = mib2Tests.xctest; sourceTree = BUILT_PRODUCTS_DIR; };
		C08D015520C8482D00C843B1 /* mib2Tests.swift */ = {isa = PBXFileReference; lastKnownFileType = sourcecode.swift; path = mib2Tests.swift; sourceTree = "<group>"; };
		C08D015720C8482D00C843B1 /* Info.plist */ = {isa = PBXFileReference; lastKnownFileType = text.plist.xml; path = Info.plist; sourceTree = "<group>"; };
		C08D015C20C8482D00C843B1 /* mib2UITests.xctest */ = {isa = PBXFileReference; explicitFileType = wrapper.cfbundle; includeInIndex = 0; path = mib2UITests.xctest; sourceTree = BUILT_PRODUCTS_DIR; };
		C08D016020C8482D00C843B1 /* mib2UITests.swift */ = {isa = PBXFileReference; lastKnownFileType = sourcecode.swift; path = mib2UITests.swift; sourceTree = "<group>"; };
		C08D016220C8482D00C843B1 /* Info.plist */ = {isa = PBXFileReference; lastKnownFileType = text.plist.xml; path = Info.plist; sourceTree = "<group>"; };
/* End PBXFileReference section */

/* Begin PBXFrameworksBuildPhase section */
		C08D013A20C8482B00C843B1 /* Frameworks */ = {
			isa = PBXFrameworksBuildPhase;
			buildActionMask = 2147483647;
			files = (
			);
			runOnlyForDeploymentPostprocessing = 0;
		};
		C08D014E20C8482D00C843B1 /* Frameworks */ = {
			isa = PBXFrameworksBuildPhase;
			buildActionMask = 2147483647;
			files = (
			);
			runOnlyForDeploymentPostprocessing = 0;
		};
		C08D015920C8482D00C843B1 /* Frameworks */ = {
			isa = PBXFrameworksBuildPhase;
			buildActionMask = 2147483647;
			files = (
			);
			runOnlyForDeploymentPostprocessing = 0;
		};
/* End PBXFrameworksBuildPhase section */

/* Begin PBXGroup section */
		C08D013420C8482B00C843B1 = {
			isa = PBXGroup;
			children = (
				C08D013F20C8482B00C843B1 /* mib2 */,
				C08D015420C8482D00C843B1 /* mib2Tests */,
				C08D015F20C8482D00C843B1 /* mib2UITests */,
				C08D013E20C8482B00C843B1 /* Products */,
			);
			sourceTree = "<group>";
		};
		C08D013E20C8482B00C843B1 /* Products */ = {
			isa = PBXGroup;
			children = (
				C08D013D20C8482B00C843B1 /* mib2.app */,
				C08D015120C8482D00C843B1 /* mib2Tests.xctest */,
				C08D015C20C8482D00C843B1 /* mib2UITests.xctest */,
			);
			name = Products;
			sourceTree = "<group>";
		};
		C08D013F20C8482B00C843B1 /* mib2 */ = {
			isa = PBXGroup;
			children = (
				C08D014020C8482C00C843B1 /* AppDelegate.swift */,
				C08D014220C8482C00C843B1 /* ViewController.swift */,
				C08D014420C8482C00C843B1 /* Main.storyboard */,
				C08D014720C8482D00C843B1 /* Assets.xcassets */,
				C08D014920C8482D00C843B1 /* LaunchScreen.storyboard */,
				C08D014C20C8482D00C843B1 /* Info.plist */,
			);
			path = mib2;
			sourceTree = "<group>";
		};
		C08D015420C8482D00C843B1 /* mib2Tests */ = {
			isa = PBXGroup;
			children = (
				C08D015520C8482D00C843B1 /* mib2Tests.swift */,
				C08D015720C8482D00C843B1 /* Info.plist */,
			);
			path = mib2Tests;
			sourceTree = "<group>";
		};
		C08D015F20C8482D00C843B1 /* mib2UITests */ = {
			isa = PBXGroup;
			children = (
				C08D016020C8482D00C843B1 /* mib2UITests.swift */,
				C08D016220C8482D00C843B1 /* Info.plist */,
			);
			path = mib2UITests;
			sourceTree = "<group>";
		};
/* End PBXGroup section */

/* Begin PBXNativeTarget section */
		C08D013C20C8482B00C843B1 /* mib2 */ = {
			isa = PBXNativeTarget;
			buildConfigurationList = C08D016520C8482D00C843B1 /* Build configuration list for PBXNativeTarget "mib2" */;
			buildPhases = (
				C08D013920C8482B00C843B1 /* Sources */,
				C08D013A20C8482B00C843B1 /* Frameworks */,
				C08D013B20C8482B00C843B1 /* Resources */,
			);
			buildRules = (
			);
			dependencies = (
			);
			name = mib2;
			productName = mib2;
			productReference = C08D013D20C8482B00C843B1 /* mib2.app */;
			productType = "com.apple.product-type.application";
		};
		C08D015020C8482D00C843B1 /* mib2Tests */ = {
			isa = PBXNativeTarget;
			buildConfigurationList = C08D016820C8482D00C843B1 /* Build configuration list for PBXNativeTarget "mib2Tests" */;
			buildPhases = (
				C08D014D20C8482D00C843B1 /* Sources */,
				C08D014E20C8482D00C843B1 /* Frameworks */,
				C08D014F20C8482D00C843B1 /* Resources */,
			);
			buildRules = (
			);
			dependencies = (
				C08D015320C8482D00C843B1 /* PBXTargetDependency */,
			);
			name = mib2Tests;
			productName = mib2Tests;
			productReference = C08D015120C8482D00C843B1 /* mib2Tests.xctest */;
			productType = "com.apple.product-type.bundle.unit-test";
		};
		C08D015B20C8482D00C843B1 /* mib2UITests */ = {
			isa = PBXNativeTarget;
			buildConfigurationList = C08D016B20C8482D00C843B1 /* Build configuration list for PBXNativeTarget "mib2UITests" */;
			buildPhases = (
				C08D015820C8482D00C843B1 /* Sources */,
				C08D015920C8482D00C843B1 /* Frameworks */,
				C08D015A20C8482D00C843B1 /* Resources */,
			);
			buildRules = (
			);
			dependencies = (
				C08D015E20C8482D00C843B1 /* PBXTargetDependency */,
			);
			name = mib2UITests;
			productName = mib2UITests;
			productReference = C08D015C20C8482D00C843B1 /* mib2UITests.xctest */;
			productType = "com.apple.product-type.bundle.ui-testing";
		};
/* End PBXNativeTarget section */

/* Begin PBXProject section */
		C08D013520C8482B00C843B1 /* Project object */ = {
			isa = PBXProject;
			attributes = {
				LastSwiftUpdateCheck = 0930;
				LastUpgradeCheck = 0930;
				ORGANIZATIONNAME = "Gabriel Leyva Merino";
				TargetAttributes = {
					C08D013C20C8482B00C843B1 = {
						CreatedOnToolsVersion = 9.3.1;
					};
					C08D015020C8482D00C843B1 = {
						CreatedOnToolsVersion = 9.3.1;
						TestTargetID = C08D013C20C8482B00C843B1;
					};
					C08D015B20C8482D00C843B1 = {
						CreatedOnToolsVersion = 9.3.1;
						TestTargetID = C08D013C20C8482B00C843B1;
					};
				};
			};
			buildConfigurationList = C08D013820C8482B00C843B1 /* Build configuration list for PBXProject "mib2" */;
			compatibilityVersion = "Xcode 9.3";
			developmentRegion = en;
			hasScannedForEncodings = 0;
			knownRegions = (
				en,
				Base,
			);
			mainGroup = C08D013420C8482B00C843B1;
			productRefGroup = C08D013E20C8482B00C843B1 /* Products */;
			projectDirPath = "";
			projectRoot = "";
			targets = (
				C08D013C20C8482B00C843B1 /* mib2 */,
				C08D015020C8482D00C843B1 /* mib2Tests */,
				C08D015B20C8482D00C843B1 /* mib2UITests */,
			);
		};
/* End PBXProject section */

/* Begin PBXResourcesBuildPhase section */
		C08D013B20C8482B00C843B1 /* Resources */ = {
			isa = PBXResourcesBuildPhase;
			buildActionMask = 2147483647;
			files = (
				C08D014B20C8482D00C843B1 /* LaunchScreen.storyboard in Resources */,
				C08D014820C8482D00C843B1 /* Assets.xcassets in Resources */,
				C08D014620C8482C00C843B1 /* Main.storyboard in Resources */,
			);
			runOnlyForDeploymentPostprocessing = 0;
		};
		C08D014F20C8482D00C843B1 /* Resources */ = {
			isa = PBXResourcesBuildPhase;
			buildActionMask = 2147483647;
			files = (
			);
			runOnlyForDeploymentPostprocessing = 0;
		};
		C08D015A20C8482D00C843B1 /* Resources */ = {
			isa = PBXResourcesBuildPhase;
			buildActionMask = 2147483647;
			files = (
			);
			runOnlyForDeploymentPostprocessing = 0;
		};
/* End PBXResourcesBuildPhase section */

/* Begin PBXSourcesBuildPhase section */
		C08D013920C8482B00C843B1 /* Sources */ = {
			isa = PBXSourcesBuildPhase;
			buildActionMask = 2147483647;
			files = (
				C08D014320C8482C00C843B1 /* ViewController.swift in Sources */,
				C08D014120C8482C00C843B1 /* AppDelegate.swift in Sources */,
			);
			runOnlyForDeploymentPostprocessing = 0;
		};
		C08D014D20C8482D00C843B1 /* Sources */ = {
			isa = PBXSourcesBuildPhase;
			buildActionMask = 2147483647;
			files = (
				C08D015620C8482D00C843B1 /* mib2Tests.swift in Sources */,
			);
			runOnlyForDeploymentPostprocessing = 0;
		};
		C08D015820C8482D00C843B1 /* Sources */ = {
			isa = PBXSourcesBuildPhase;
			buildActionMask = 2147483647;
			files = (
				C08D016120C8482D00C843B1 /* mib2UITests.swift in Sources */,
			);
			runOnlyForDeploymentPostprocessing = 0;
		};
/* End PBXSourcesBuildPhase section */

/* Begin PBXTargetDependency section */
		C08D015320C8482D00C843B1 /* PBXTargetDependency */ = {
			isa = PBXTargetDependency;
			target = C08D013C20C8482B00C843B1 /* mib2 */;
			targetProxy = C08D015220C8482D00C843B1 /* PBXContainerItemProxy */;
		};
		C08D015E20C8482D00C843B1 /* PBXTargetDependency */ = {
			isa = PBXTargetDependency;
			target = C08D013C20C8482B00C843B1 /* mib2 */;
			targetProxy = C08D015D20C8482D00C843B1 /* PBXContainerItemProxy */;
		};
/* End PBXTargetDependency section */

/* Begin PBXVariantGroup section */
		C08D014420C8482C00C843B1 /* Main.storyboard */ = {
			isa = PBXVariantGroup;
			children = (
				C08D014520C8482C00C843B1 /* Base */,
			);
			name = Main.storyboard;
			sourceTree = "<group>";
		};
		C08D014920C8482D00C843B1 /* LaunchScreen.storyboard */ = {
			isa = PBXVariantGroup;
			children = (
				C08D014A20C8482D00C843B1 /* Base */,
			);
			name = LaunchScreen.storyboard;
			sourceTree = "<group>";
		};
/* End PBXVariantGroup section */

/* Begin XCBuildConfiguration section */
		C08D016320C8482D00C843B1 /* Debug */ = {
			isa = XCBuildConfiguration;
			buildSettings = {
				ALWAYS_SEARCH_USER_PATHS = NO;
				CLANG_ANALYZER_NONNULL = YES;
				CLANG_ANALYZER_NUMBER_OBJECT_CONVERSION = YES_AGGRESSIVE;
				CLANG_CXX_LANGUAGE_STANDARD = "gnu++14";
				CLANG_CXX_LIBRARY = "libc++";
				CLANG_ENABLE_MODULES = YES;
				CLANG_ENABLE_OBJC_ARC = YES;
				CLANG_ENABLE_OBJC_WEAK = YES;
				CLANG_WARN_BLOCK_CAPTURE_AUTORELEASING = YES;
				CLANG_WARN_BOOL_CONVERSION = YES;
				CLANG_WARN_COMMA = YES;
				CLANG_WARN_CONSTANT_CONVERSION = YES;
				CLANG_WARN_DEPRECATED_OBJC_IMPLEMENTATIONS = YES;
				CLANG_WARN_DIRECT_OBJC_ISA_USAGE = YES_ERROR;
				CLANG_WARN_DOCUMENTATION_COMMENTS = YES;
				CLANG_WARN_EMPTY_BODY = YES;
				CLANG_WARN_ENUM_CONVERSION = YES;
				CLANG_WARN_INFINITE_RECURSION = YES;
				CLANG_WARN_INT_CONVERSION = YES;
				CLANG_WARN_NON_LITERAL_NULL_CONVERSION = YES;
				CLANG_WARN_OBJC_IMPLICIT_RETAIN_SELF = YES;
				CLANG_WARN_OBJC_LITERAL_CONVERSION = YES;
				CLANG_WARN_OBJC_ROOT_CLASS = YES_ERROR;
				CLANG_WARN_RANGE_LOOP_ANALYSIS = YES;
				CLANG_WARN_STRICT_PROTOTYPES = YES;
				CLANG_WARN_SUSPICIOUS_MOVE = YES;
				CLANG_WARN_UNGUARDED_AVAILABILITY = YES_AGGRESSIVE;
				CLANG_WARN_UNREACHABLE_CODE = YES;
				CLANG_WARN__DUPLICATE_METHOD_MATCH = YES;
				CODE_SIGN_IDENTITY = "iPhone Developer";
				COPY_PHASE_STRIP = NO;
				DEBUG_INFORMATION_FORMAT = dwarf;
				ENABLE_STRICT_OBJC_MSGSEND = YES;
				ENABLE_TESTABILITY = YES;
				GCC_C_LANGUAGE_STANDARD = gnu11;
				GCC_DYNAMIC_NO_PIC = NO;
				GCC_NO_COMMON_BLOCKS = YES;
				GCC_OPTIMIZATION_LEVEL = 0;
				GCC_PREPROCESSOR_DEFINITIONS = (
					"DEBUG=1",
					"$(inherited)",
				);
				GCC_WARN_64_TO_32_BIT_CONVERSION = YES;
				GCC_WARN_ABOUT_RETURN_TYPE = YES_ERROR;
				GCC_WARN_UNDECLARED_SELECTOR = YES;
				GCC_WARN_UNINITIALIZED_AUTOS = YES_AGGRESSIVE;
				GCC_WARN_UNUSED_FUNCTION = YES;
				GCC_WARN_UNUSED_VARIABLE = YES;
				IPHONEOS_DEPLOYMENT_TARGET = 11.3;
				MTL_ENABLE_DEBUG_INFO = YES;
				ONLY_ACTIVE_ARCH = YES;
				SDKROOT = iphoneos;
				SWIFT_ACTIVE_COMPILATION_CONDITIONS = DEBUG;
				SWIFT_OPTIMIZATION_LEVEL = "-Onone";
			};
			name = Debug;
		};
		C08D016420C8482D00C843B1 /* Release */ = {
			isa = XCBuildConfiguration;
			buildSettings = {
				ALWAYS_SEARCH_USER_PATHS = NO;
				CLANG_ANALYZER_NONNULL = YES;
				CLANG_ANALYZER_NUMBER_OBJECT_CONVERSION = YES_AGGRESSIVE;
				CLANG_CXX_LANGUAGE_STANDARD = "gnu++14";
				CLANG_CXX_LIBRARY = "libc++";
				CLANG_ENABLE_MODULES = YES;
				CLANG_ENABLE_OBJC_ARC = YES;
				CLANG_ENABLE_OBJC_WEAK = YES;
				CLANG_WARN_BLOCK_CAPTURE_AUTORELEASING = YES;
				CLANG_WARN_BOOL_CONVERSION = YES;
				CLANG_WARN_COMMA = YES;
				CLANG_WARN_CONSTANT_CONVERSION = YES;
				CLANG_WARN_DEPRECATED_OBJC_IMPLEMENTATIONS = YES;
				CLANG_WARN_DIRECT_OBJC_ISA_USAGE = YES_ERROR;
				CLANG_WARN_DOCUMENTATION_COMMENTS = YES;
				CLANG_WARN_EMPTY_BODY = YES;
				CLANG_WARN_ENUM_CONVERSION = YES;
				CLANG_WARN_INFINITE_RECURSION = YES;
				CLANG_WARN_INT_CONVERSION = YES;
				CLANG_WARN_NON_LITERAL_NULL_CONVERSION = YES;
				CLANG_WARN_OBJC_IMPLICIT_RETAIN_SELF = YES;
				CLANG_WARN_OBJC_LITERAL_CONVERSION = YES;
				CLANG_WARN_OBJC_ROOT_CLASS = YES_ERROR;
				CLANG_WARN_RANGE_LOOP_ANALYSIS = YES;
				CLANG_WARN_STRICT_PROTOTYPES = YES;
				CLANG_WARN_SUSPICIOUS_MOVE = YES;
				CLANG_WARN_UNGUARDED_AVAILABILITY = YES_AGGRESSIVE;
				CLANG_WARN_UNREACHABLE_CODE = YES;
				CLANG_WARN__DUPLICATE_METHOD_MATCH = YES;
				CODE_SIGN_IDENTITY = "iPhone Developer";
				COPY_PHASE_STRIP = NO;
				DEBUG_INFORMATION_FORMAT = "dwarf-with-dsym";
				ENABLE_NS_ASSERTIONS = NO;
				ENABLE_STRICT_OBJC_MSGSEND = YES;
				GCC_C_LANGUAGE_STANDARD = gnu11;
				GCC_NO_COMMON_BLOCKS = YES;
				GCC_WARN_64_TO_32_BIT_CONVERSION = YES;
				GCC_WARN_ABOUT_RETURN_TYPE = YES_ERROR;
				GCC_WARN_UNDECLARED_SELECTOR = YES;
				GCC_WARN_UNINITIALIZED_AUTOS = YES_AGGRESSIVE;
				GCC_WARN_UNUSED_FUNCTION = YES;
				GCC_WARN_UNUSED_VARIABLE = YES;
				IPHONEOS_DEPLOYMENT_TARGET = 11.3;
				MTL_ENABLE_DEBUG_INFO = NO;
				SDKROOT = iphoneos;
				SWIFT_COMPILATION_MODE = wholemodule;
				SWIFT_OPTIMIZATION_LEVEL = "-O";
				VALIDATE_PRODUCT = YES;
			};
			name = Release;
		};
		C08D016620C8482D00C843B1 /* Debug */ = {
			isa = XCBuildConfiguration;
			buildSettings = {
				ASSETCATALOG_COMPILER_APPICON_NAME = AppIcon;
				CODE_SIGN_STYLE = Automatic;
				DEVELOPMENT_TEAM = P4Q24DN7SQ;
				INFOPLIST_FILE = mib2/Info.plist;
				LD_RUNPATH_SEARCH_PATHS = (
					"$(inherited)",
					"@executable_path/Frameworks",
				);
				PRODUCT_BUNDLE_IDENTIFIER = com.leyvamerino.mib2;
				PRODUCT_NAME = "$(TARGET_NAME)";
				SWIFT_VERSION = 4.0;
				TARGETED_DEVICE_FAMILY = "1,2";
			};
			name = Debug;
		};
		C08D016720C8482D00C843B1 /* Release */ = {
			isa = XCBuildConfiguration;
			buildSettings = {
				ASSETCATALOG_COMPILER_APPICON_NAME = AppIcon;
				CODE_SIGN_STYLE = Automatic;
				DEVELOPMENT_TEAM = P4Q24DN7SQ;
				INFOPLIST_FILE = mib2/Info.plist;
				LD_RUNPATH_SEARCH_PATHS = (
					"$(inherited)",
					"@executable_path/Frameworks",
				);
				PRODUCT_BUNDLE_IDENTIFIER = com.leyvamerino.mib2;
				PRODUCT_NAME = "$(TARGET_NAME)";
				SWIFT_VERSION = 4.0;
				TARGETED_DEVICE_FAMILY = "1,2";
			};
			name = Release;
		};
		C08D016920C8482D00C843B1 /* Debug */ = {
			isa = XCBuildConfiguration;
			buildSettings = {
				ALWAYS_EMBED_SWIFT_STANDARD_LIBRARIES = YES;
				BUNDLE_LOADER = "$(TEST_HOST)";
				CODE_SIGN_STYLE = Automatic;
				INFOPLIST_FILE = mib2Tests/Info.plist;
				LD_RUNPATH_SEARCH_PATHS = (
					"$(inherited)",
					"@executable_path/Frameworks",
					"@loader_path/Frameworks",
				);
				PRODUCT_BUNDLE_IDENTIFIER = com.leyvamerino.mib2Tests;
				PRODUCT_NAME = "$(TARGET_NAME)";
				SWIFT_VERSION = 4.0;
				TARGETED_DEVICE_FAMILY = "1,2";
				TEST_HOST = "$(BUILT_PRODUCTS_DIR)/mib2.app/mib2";
			};
			name = Debug;
		};
		C08D016A20C8482D00C843B1 /* Release */ = {
			isa = XCBuildConfiguration;
			buildSettings = {
				ALWAYS_EMBED_SWIFT_STANDARD_LIBRARIES = YES;
				BUNDLE_LOADER = "$(TEST_HOST)";
				CODE_SIGN_STYLE = Automatic;
				INFOPLIST_FILE = mib2Tests/Info.plist;
				LD_RUNPATH_SEARCH_PATHS = (
					"$(inherited)",
					"@executable_path/Frameworks",
					"@loader_path/Frameworks",
				);
				PRODUCT_BUNDLE_IDENTIFIER = com.leyvamerino.mib2Tests;
				PRODUCT_NAME = "$(TARGET_NAME)";
				SWIFT_VERSION = 4.0;
				TARGETED_DEVICE_FAMILY = "1,2";
				TEST_HOST = "$(BUILT_PRODUCTS_DIR)/mib2.app/mib2";
			};
			name = Release;
		};
		C08D016C20C8482D00C843B1 /* Debug */ = {
			isa = XCBuildConfiguration;
			buildSettings = {
				ALWAYS_EMBED_SWIFT_STANDARD_LIBRARIES = YES;
				CODE_SIGN_STYLE = Automatic;
				INFOPLIST_FILE = mib2UITests/Info.plist;
				LD_RUNPATH_SEARCH_PATHS = (
					"$(inherited)",
					"@executable_path/Frameworks",
					"@loader_path/Frameworks",
				);
				PRODUCT_BUNDLE_IDENTIFIER = com.leyvamerino.mib2UITests;
				PRODUCT_NAME = "$(TARGET_NAME)";
				SWIFT_VERSION = 4.0;
				TARGETED_DEVICE_FAMILY = "1,2";
				TEST_TARGET_NAME = mib2;
			};
			name = Debug;
		};
		C08D016D20C8482D00C843B1 /* Release */ = {
			isa = XCBuildConfiguration;
			buildSettings = {
				ALWAYS_EMBED_SWIFT_STANDARD_LIBRARIES = YES;
				CODE_SIGN_STYLE = Automatic;
				INFOPLIST_FILE = mib2UITests/Info.plist;
				LD_RUNPATH_SEARCH_PATHS = (
					"$(inherited)",
					"@executable_path/Frameworks",
					"@loader_path/Frameworks",
				);
				PRODUCT_BUNDLE_IDENTIFIER = com.leyvamerino.mib2UITests;
				PRODUCT_NAME = "$(TARGET_NAME)";
				SWIFT_VERSION = 4.0;
				TARGETED_DEVICE_FAMILY = "1,2";
				TEST_TARGET_NAME = mib2;
			};
			name = Release;
		};
/* End XCBuildConfiguration section */

/* Begin XCConfigurationList section */
		C08D013820C8482B00C843B1 /* Build configuration list for PBXProject "mib2" */ = {
			isa = XCConfigurationList;
			buildConfigurations = (
				C08D016320C8482D00C843B1 /* Debug */,
				C08D016420C8482D00C843B1 /* Release */,
			);
			defaultConfigurationIsVisible = 0;
			defaultConfigurationName = Release;
		};
		C08D016520C8482D00C843B1 /* Build configuration list for PBXNativeTarget "mib2" */ = {
			isa = XCConfigurationList;
			buildConfigurations = (
				C08D016620C8482D00C843B1 /* Debug */,
				C08D016720C8482D00C843B1 /* Release */,
			);
			defaultConfigurationIsVisible = 0;
			defaultConfigurationName = Release;
		};
		C08D016820C8482D00C843B1 /* Build configuration list for PBXNativeTarget "mib2Tests" */ = {
			isa = XCConfigurationList;
			buildConfigurations = (
				C08D016920C8482D00C843B1 /* Debug */,
				C08D016A20C8482D00C843B1 /* Release */,
			);
			defaultConfigurationIsVisible = 0;
			defaultConfigurationName = Release;
		};
		C08D016B20C8482D00C843B1 /* Build configuration list for PBXNativeTarget "mib2UITests" */ = {
			isa = XCConfigurationList;
			buildConfigurations = (
				C08D016C20C8482D00C843B1 /* Debug */,
				C08D016D20C8482D00C843B1 /* Release */,
			);
			defaultConfigurationIsVisible = 0;
			defaultConfigurationName = Release;
		};
/* End XCConfigurationList section */
	};
	rootObject = C08D013520C8482B00C843B1 /* Project object */;
}
